
Microsoft Visual Studio Solution File, Format Version 12.00
# Visual Studio Version 16
VisualStudioVersion = 16.0.30523.141
MinimumVisualStudioVersion = 10.0.40219.1
Project("{888888A0-9F3D-457C-B088-3A5042F75D52}") = "interface_1", "interface_1.pyproj", "{69C9E748-A352-45B4-960B-F4B64DB82B36}"
EndProject
Global
	GlobalSection(SolutionConfigurationPlatforms) = preSolution
		Debug|Any CPU = Debug|Any CPU
		Release|Any CPU = Release|Any CPU
	EndGlobalSection
	GlobalSection(ProjectConfigurationPlatforms) = postSolution
		{69C9E748-A352-45B4-960B-F4B64DB82B36}.Debug|Any CPU.ActiveCfg = Debug|Any CPU
		{69C9E748-A352-45B4-960B-F4B64DB82B36}.Release|Any CPU.ActiveCfg = Release|Any CPU
	EndGlobalSection
	GlobalSection(SolutionProperties) = preSolution
		HideSolutionNode = FALSE
	EndGlobalSection
	GlobalSection(ExtensibilityGlobals) = postSolution
		SolutionGuid = {FBA85065-799E-4407-A80B-0ABF32B1A94F}
	EndGlobalSection
EndGlobal
